// !$*UTF8*$!
{
	archiveVersion = 1;
	classes = {
	};
	objectVersion = 46;
	objects = {

/* Begin PBXBuildFile section */
		B54D15AAF37CE26CA35888B5 /* Pods_SquadUp.framework in Frameworks */ = {isa = PBXBuildFile; fileRef = B27A67485FE48053FDDA52A7 /* Pods_SquadUp.framework */; };
		DA0158771CC6D59F0002FA31 /* Int+Extensions.swift in Sources */ = {isa = PBXBuildFile; fileRef = DA0158761CC6D59F0002FA31 /* Int+Extensions.swift */; };
		DA08BF031C9722CD00206E88 /* TabBarController.swift in Sources */ = {isa = PBXBuildFile; fileRef = DA08BF021C9722CD00206E88 /* TabBarController.swift */; };
		DA23A5A71C98EC4700B7DE68 /* TenPersonGameViewController.swift in Sources */ = {isa = PBXBuildFile; fileRef = DA23A5A61C98EC4700B7DE68 /* TenPersonGameViewController.swift */; };
		DA23A5A91C98F08E00B7DE68 /* CreateGameViewController.swift in Sources */ = {isa = PBXBuildFile; fileRef = DA23A5A81C98F08E00B7DE68 /* CreateGameViewController.swift */; };
		DA23A5AB1C98F23500B7DE68 /* GameTableViewCell.swift in Sources */ = {isa = PBXBuildFile; fileRef = DA23A5AA1C98F23500B7DE68 /* GameTableViewCell.swift */; };
		DA258E471CADF08700AB30DB /* ConfirmationViewController.swift in Sources */ = {isa = PBXBuildFile; fileRef = DA258E461CADF08700AB30DB /* ConfirmationViewController.swift */; };
		DA73EBB41C8BA9FF00E89F15 /* AppDelegate.swift in Sources */ = {isa = PBXBuildFile; fileRef = DA73EBB31C8BA9FF00E89F15 /* AppDelegate.swift */; };
		DA73EBB61C8BA9FF00E89F15 /* ProfileViewController.swift in Sources */ = {isa = PBXBuildFile; fileRef = DA73EBB51C8BA9FF00E89F15 /* ProfileViewController.swift */; };
		DA73EBB81C8BA9FF00E89F15 /* OpenGamesViewController.swift in Sources */ = {isa = PBXBuildFile; fileRef = DA73EBB71C8BA9FF00E89F15 /* OpenGamesViewController.swift */; };
		DA73EBBB1C8BA9FF00E89F15 /* Main.storyboard in Resources */ = {isa = PBXBuildFile; fileRef = DA73EBB91C8BA9FF00E89F15 /* Main.storyboard */; };
		DA73EBBD1C8BA9FF00E89F15 /* Assets.xcassets in Resources */ = {isa = PBXBuildFile; fileRef = DA73EBBC1C8BA9FF00E89F15 /* Assets.xcassets */; };
		DA73EBC01C8BA9FF00E89F15 /* LaunchScreen.storyboard in Resources */ = {isa = PBXBuildFile; fileRef = DA73EBBE1C8BA9FF00E89F15 /* LaunchScreen.storyboard */; };
		DA73EBC91C8BAA2E00E89F15 /* SquadUp.xcdatamodeld in Sources */ = {isa = PBXBuildFile; fileRef = DA73EBC71C8BAA2E00E89F15 /* SquadUp.xcdatamodeld */; };
		DA73EBCB1C8BAB8500E89F15 /* MessagesViewController.swift in Sources */ = {isa = PBXBuildFile; fileRef = DA73EBCA1C8BAB8500E89F15 /* MessagesViewController.swift */; };
		DA73EBCD1C8BAB9500E89F15 /* FriendsViewController.swift in Sources */ = {isa = PBXBuildFile; fileRef = DA73EBCC1C8BAB9500E89F15 /* FriendsViewController.swift */; };
		DA73EBCF1C8BB01700E89F15 /* LogInViewController.swift in Sources */ = {isa = PBXBuildFile; fileRef = DA73EBCE1C8BB01700E89F15 /* LogInViewController.swift */; };
		DA73EBD11C8BB01F00E89F15 /* RegisterViewController.swift in Sources */ = {isa = PBXBuildFile; fileRef = DA73EBD01C8BB01F00E89F15 /* RegisterViewController.swift */; };
		DA7478181CB85B9F0028C9E1 /* DatePickerTableViewCell.swift in Sources */ = {isa = PBXBuildFile; fileRef = DA7478171CB85B9F0028C9E1 /* DatePickerTableViewCell.swift */; };
		DA74781A1CB896830028C9E1 /* PickerTableViewCell.swift in Sources */ = {isa = PBXBuildFile; fileRef = DA7478191CB896830028C9E1 /* PickerTableViewCell.swift */; };
		DAAD08181CBC311300E55C87 /* GamePickerTableViewCell.swift in Sources */ = {isa = PBXBuildFile; fileRef = DAAD08171CBC311300E55C87 /* GamePickerTableViewCell.swift */; };
		DAFB94361CAC2FB50006770C /* Game.swift in Sources */ = {isa = PBXBuildFile; fileRef = DAFB94351CAC2FB50006770C /* Game.swift */; };
		DAFB94381CAC325D0006770C /* Player.swift in Sources */ = {isa = PBXBuildFile; fileRef = DAFB94371CAC325D0006770C /* Player.swift */; };
		DAFC0E971CBD9C8C00D521F2 /* SixPersonGameViewController.swift in Sources */ = {isa = PBXBuildFile; fileRef = DAFC0E961CBD9C8C00D521F2 /* SixPersonGameViewController.swift */; };
		DAFC0E991CBD9C9700D521F2 /* EightPersonGameViewController.swift in Sources */ = {isa = PBXBuildFile; fileRef = DAFC0E981CBD9C9700D521F2 /* EightPersonGameViewController.swift */; };
/* End PBXBuildFile section */

/* Begin PBXFileReference section */
		615A3BF7F3D1FD771FB5824F /* Pods-SquadUp.release.xcconfig */ = {isa = PBXFileReference; includeInIndex = 1; lastKnownFileType = text.xcconfig; name = "Pods-SquadUp.release.xcconfig"; path = "Pods/Target Support Files/Pods-SquadUp/Pods-SquadUp.release.xcconfig"; sourceTree = "<group>"; };
		7D9D6298C1C2866514AB4C4F /* Pods-SquadUp.debug.xcconfig */ = {isa = PBXFileReference; includeInIndex = 1; lastKnownFileType = text.xcconfig; name = "Pods-SquadUp.debug.xcconfig"; path = "Pods/Target Support Files/Pods-SquadUp/Pods-SquadUp.debug.xcconfig"; sourceTree = "<group>"; };
		B27A67485FE48053FDDA52A7 /* Pods_SquadUp.framework */ = {isa = PBXFileReference; explicitFileType = wrapper.framework; includeInIndex = 0; path = Pods_SquadUp.framework; sourceTree = BUILT_PRODUCTS_DIR; };
		DA0158761CC6D59F0002FA31 /* Int+Extensions.swift */ = {isa = PBXFileReference; fileEncoding = 4; lastKnownFileType = sourcecode.swift; path = "Int+Extensions.swift"; sourceTree = "<group>"; };
		DA08BF021C9722CD00206E88 /* TabBarController.swift */ = {isa = PBXFileReference; fileEncoding = 4; lastKnownFileType = sourcecode.swift; path = TabBarController.swift; sourceTree = "<group>"; };
		DA23A5A61C98EC4700B7DE68 /* TenPersonGameViewController.swift */ = {isa = PBXFileReference; fileEncoding = 4; lastKnownFileType = sourcecode.swift; path = TenPersonGameViewController.swift; sourceTree = "<group>"; };
		DA23A5A81C98F08E00B7DE68 /* CreateGameViewController.swift */ = {isa = PBXFileReference; fileEncoding = 4; lastKnownFileType = sourcecode.swift; path = CreateGameViewController.swift; sourceTree = "<group>"; };
		DA23A5AA1C98F23500B7DE68 /* GameTableViewCell.swift */ = {isa = PBXFileReference; fileEncoding = 4; lastKnownFileType = sourcecode.swift; path = GameTableViewCell.swift; sourceTree = "<group>"; };
		DA258E461CADF08700AB30DB /* ConfirmationViewController.swift */ = {isa = PBXFileReference; fileEncoding = 4; lastKnownFileType = sourcecode.swift; path = ConfirmationViewController.swift; sourceTree = "<group>"; };
		DA73EBB01C8BA9FF00E89F15 /* SquadUp.app */ = {isa = PBXFileReference; explicitFileType = wrapper.application; includeInIndex = 0; path = SquadUp.app; sourceTree = BUILT_PRODUCTS_DIR; };
		DA73EBB31C8BA9FF00E89F15 /* AppDelegate.swift */ = {isa = PBXFileReference; lastKnownFileType = sourcecode.swift; path = AppDelegate.swift; sourceTree = "<group>"; };
		DA73EBB51C8BA9FF00E89F15 /* ProfileViewController.swift */ = {isa = PBXFileReference; lastKnownFileType = sourcecode.swift; path = ProfileViewController.swift; sourceTree = "<group>"; };
		DA73EBB71C8BA9FF00E89F15 /* OpenGamesViewController.swift */ = {isa = PBXFileReference; lastKnownFileType = sourcecode.swift; path = OpenGamesViewController.swift; sourceTree = "<group>"; };
		DA73EBBA1C8BA9FF00E89F15 /* Base */ = {isa = PBXFileReference; lastKnownFileType = file.storyboard; name = Base; path = Base.lproj/Main.storyboard; sourceTree = "<group>"; };
		DA73EBBC1C8BA9FF00E89F15 /* Assets.xcassets */ = {isa = PBXFileReference; lastKnownFileType = folder.assetcatalog; path = Assets.xcassets; sourceTree = "<group>"; };
		DA73EBBF1C8BA9FF00E89F15 /* Base */ = {isa = PBXFileReference; lastKnownFileType = file.storyboard; name = Base; path = Base.lproj/LaunchScreen.storyboard; sourceTree = "<group>"; };
		DA73EBC11C8BA9FF00E89F15 /* Info.plist */ = {isa = PBXFileReference; lastKnownFileType = text.plist.xml; path = Info.plist; sourceTree = "<group>"; };
		DA73EBC81C8BAA2E00E89F15 /* SquadUp.xcdatamodel */ = {isa = PBXFileReference; lastKnownFileType = wrapper.xcdatamodel; path = SquadUp.xcdatamodel; sourceTree = "<group>"; };
		DA73EBCA1C8BAB8500E89F15 /* MessagesViewController.swift */ = {isa = PBXFileReference; fileEncoding = 4; lastKnownFileType = sourcecode.swift; path = MessagesViewController.swift; sourceTree = "<group>"; };
		DA73EBCC1C8BAB9500E89F15 /* FriendsViewController.swift */ = {isa = PBXFileReference; fileEncoding = 4; lastKnownFileType = sourcecode.swift; path = FriendsViewController.swift; sourceTree = "<group>"; };
		DA73EBCE1C8BB01700E89F15 /* LogInViewController.swift */ = {isa = PBXFileReference; fileEncoding = 4; lastKnownFileType = sourcecode.swift; path = LogInViewController.swift; sourceTree = "<group>"; };
		DA73EBD01C8BB01F00E89F15 /* RegisterViewController.swift */ = {isa = PBXFileReference; fileEncoding = 4; lastKnownFileType = sourcecode.swift; path = RegisterViewController.swift; sourceTree = "<group>"; };
		DA7478171CB85B9F0028C9E1 /* DatePickerTableViewCell.swift */ = {isa = PBXFileReference; fileEncoding = 4; lastKnownFileType = sourcecode.swift; path = DatePickerTableViewCell.swift; sourceTree = "<group>"; };
		DA7478191CB896830028C9E1 /* PickerTableViewCell.swift */ = {isa = PBXFileReference; fileEncoding = 4; lastKnownFileType = sourcecode.swift; path = PickerTableViewCell.swift; sourceTree = "<group>"; };
		DAAD08171CBC311300E55C87 /* GamePickerTableViewCell.swift */ = {isa = PBXFileReference; fileEncoding = 4; lastKnownFileType = sourcecode.swift; path = GamePickerTableViewCell.swift; sourceTree = "<group>"; };
		DAFB94351CAC2FB50006770C /* Game.swift */ = {isa = PBXFileReference; fileEncoding = 4; lastKnownFileType = sourcecode.swift; path = Game.swift; sourceTree = "<group>"; };
		DAFB94371CAC325D0006770C /* Player.swift */ = {isa = PBXFileReference; fileEncoding = 4; lastKnownFileType = sourcecode.swift; path = Player.swift; sourceTree = "<group>"; };
		DAFC0E961CBD9C8C00D521F2 /* SixPersonGameViewController.swift */ = {isa = PBXFileReference; fileEncoding = 4; lastKnownFileType = sourcecode.swift; path = SixPersonGameViewController.swift; sourceTree = "<group>"; };
		DAFC0E981CBD9C9700D521F2 /* EightPersonGameViewController.swift */ = {isa = PBXFileReference; fileEncoding = 4; lastKnownFileType = sourcecode.swift; path = EightPersonGameViewController.swift; sourceTree = "<group>"; };
/* End PBXFileReference section */

/* Begin PBXFrameworksBuildPhase section */
		DA73EBAD1C8BA9FF00E89F15 /* Frameworks */ = {
			isa = PBXFrameworksBuildPhase;
			buildActionMask = 2147483647;
			files = (
				B54D15AAF37CE26CA35888B5 /* Pods_SquadUp.framework in Frameworks */,
			);
			runOnlyForDeploymentPostprocessing = 0;
		};
/* End PBXFrameworksBuildPhase section */

/* Begin PBXGroup section */
		0D877142470F8577A21EBD22 /* Frameworks */ = {
			isa = PBXGroup;
			children = (
				B27A67485FE48053FDDA52A7 /* Pods_SquadUp.framework */,
			);
			name = Frameworks;
			sourceTree = "<group>";
		};
		790FBFE3ECC311C682D271BE /* Pods */ = {
			isa = PBXGroup;
			children = (
				7D9D6298C1C2866514AB4C4F /* Pods-SquadUp.debug.xcconfig */,
				615A3BF7F3D1FD771FB5824F /* Pods-SquadUp.release.xcconfig */,
			);
			name = Pods;
			sourceTree = "<group>";
		};
		DA0158781CC70B4C0002FA31 /* Log In and Register Controllers */ = {
			isa = PBXGroup;
			children = (
				DA73EBD01C8BB01F00E89F15 /* RegisterViewController.swift */,
				DA73EBCE1C8BB01700E89F15 /* LogInViewController.swift */,
				DA258E461CADF08700AB30DB /* ConfirmationViewController.swift */,
			);
			path = "Log In and Register Controllers";
			sourceTree = "<group>";
		};
		DA0158791CC70B850002FA31 /* Utilities */ = {
			isa = PBXGroup;
			children = (
				DA0158761CC6D59F0002FA31 /* Int+Extensions.swift */,
			);
			path = Utilities;
			sourceTree = "<group>";
		};
		DA01587A1CC70C810002FA31 /* Models */ = {
			isa = PBXGroup;
			children = (
				DAFB94351CAC2FB50006770C /* Game.swift */,
				DAFB94371CAC325D0006770C /* Player.swift */,
			);
			path = Models;
			sourceTree = "<group>";
		};
		DA23A5AC1C98F2B900B7DE68 /* Open Games */ = {
			isa = PBXGroup;
			children = (
				DAFC0E9B1CBD9CB200D521F2 /* Game Detail View Controller */,
				DAFC0E9A1CBD9CA700D521F2 /* Custom Cells */,
				DA73EBB71C8BA9FF00E89F15 /* OpenGamesViewController.swift */,
				DA23A5A81C98F08E00B7DE68 /* CreateGameViewController.swift */,
				DA23A5AA1C98F23500B7DE68 /* GameTableViewCell.swift */,
			);
			path = "Open Games";
			sourceTree = "<group>";
		};
		DA73EBA71C8BA9FF00E89F15 = {
			isa = PBXGroup;
			children = (
				DA73EBB21C8BA9FF00E89F15 /* SquadUp */,
				DA73EBB11C8BA9FF00E89F15 /* Products */,
				790FBFE3ECC311C682D271BE /* Pods */,
				0D877142470F8577A21EBD22 /* Frameworks */,
			);
			sourceTree = "<group>";
		};
		DA73EBB11C8BA9FF00E89F15 /* Products */ = {
			isa = PBXGroup;
			children = (
				DA73EBB01C8BA9FF00E89F15 /* SquadUp.app */,
			);
			name = Products;
			sourceTree = "<group>";
		};
		DA73EBB21C8BA9FF00E89F15 /* SquadUp */ = {
			isa = PBXGroup;
			children = (
				DA01587A1CC70C810002FA31 /* Models */,
				DA0158781CC70B4C0002FA31 /* Log In and Register Controllers */,
				DA73EBB51C8BA9FF00E89F15 /* ProfileViewController.swift */,
				DA23A5AC1C98F2B900B7DE68 /* Open Games */,
				DA73EBCA1C8BAB8500E89F15 /* MessagesViewController.swift */,
				DA73EBCC1C8BAB9500E89F15 /* FriendsViewController.swift */,
				DA08BF021C9722CD00206E88 /* TabBarController.swift */,
				DA73EBB31C8BA9FF00E89F15 /* AppDelegate.swift */,
				DA73EBB91C8BA9FF00E89F15 /* Main.storyboard */,
				DA0158791CC70B850002FA31 /* Utilities */,
				DA97E20C1CC56CC5000700BB /* Backend */,
				DA73EBBC1C8BA9FF00E89F15 /* Assets.xcassets */,
				DA73EBBE1C8BA9FF00E89F15 /* LaunchScreen.storyboard */,
				DA73EBC11C8BA9FF00E89F15 /* Info.plist */,
				DA73EBC71C8BAA2E00E89F15 /* SquadUp.xcdatamodeld */,
			);
			path = SquadUp;
			sourceTree = "<group>";
		};
		DA97E20C1CC56CC5000700BB /* Backend */ = {
			isa = PBXGroup;
			children = (
			);
			path = Backend;
			sourceTree = "<group>";
		};
		DAFC0E9A1CBD9CA700D521F2 /* Custom Cells */ = {
			isa = PBXGroup;
			children = (
				DA7478171CB85B9F0028C9E1 /* DatePickerTableViewCell.swift */,
				DA7478191CB896830028C9E1 /* PickerTableViewCell.swift */,
				DAAD08171CBC311300E55C87 /* GamePickerTableViewCell.swift */,
			);
			name = "Custom Cells";
			sourceTree = "<group>";
		};
		DAFC0E9B1CBD9CB200D521F2 /* Game Detail View Controller */ = {
			isa = PBXGroup;
			children = (
				DA23A5A61C98EC4700B7DE68 /* TenPersonGameViewController.swift */,
				DAFC0E981CBD9C9700D521F2 /* EightPersonGameViewController.swift */,
				DAFC0E961CBD9C8C00D521F2 /* SixPersonGameViewController.swift */,
			);
			name = "Game Detail View Controller";
			sourceTree = "<group>";
		};
/* End PBXGroup section */

/* Begin PBXNativeTarget section */
		DA73EBAF1C8BA9FF00E89F15 /* SquadUp */ = {
			isa = PBXNativeTarget;
			buildConfigurationList = DA73EBC41C8BA9FF00E89F15 /* Build configuration list for PBXNativeTarget "SquadUp" */;
			buildPhases = (
				14D5BFD5C4C9C4B8CDC9EA52 /* Check Pods Manifest.lock */,
				DA73EBAC1C8BA9FF00E89F15 /* Sources */,
				DA73EBAD1C8BA9FF00E89F15 /* Frameworks */,
				DA73EBAE1C8BA9FF00E89F15 /* Resources */,
				CBB6C43C9002B1F8C8D4D92A /* Embed Pods Frameworks */,
				03C571FC99F3E10AD5249482 /* Copy Pods Resources */,
			);
			buildRules = (
			);
			dependencies = (
			);
			name = SquadUp;
			productName = SquadUp;
			productReference = DA73EBB01C8BA9FF00E89F15 /* SquadUp.app */;
			productType = "com.apple.product-type.application";
		};
/* End PBXNativeTarget section */

/* Begin PBXProject section */
		DA73EBA81C8BA9FF00E89F15 /* Project object */ = {
			isa = PBXProject;
			attributes = {
				LastSwiftUpdateCheck = 0720;
				LastUpgradeCheck = 0720;
				ORGANIZATIONNAME = "CS 407";
				TargetAttributes = {
					DA73EBAF1C8BA9FF00E89F15 = {
						CreatedOnToolsVersion = 7.2.1;
					};
				};
			};
			buildConfigurationList = DA73EBAB1C8BA9FF00E89F15 /* Build configuration list for PBXProject "SquadUp" */;
			compatibilityVersion = "Xcode 3.2";
			developmentRegion = English;
			hasScannedForEncodings = 0;
			knownRegions = (
				en,
				Base,
			);
			mainGroup = DA73EBA71C8BA9FF00E89F15;
			productRefGroup = DA73EBB11C8BA9FF00E89F15 /* Products */;
			projectDirPath = "";
			projectRoot = "";
			targets = (
				DA73EBAF1C8BA9FF00E89F15 /* SquadUp */,
			);
		};
/* End PBXProject section */

/* Begin PBXResourcesBuildPhase section */
		DA73EBAE1C8BA9FF00E89F15 /* Resources */ = {
			isa = PBXResourcesBuildPhase;
			buildActionMask = 2147483647;
			files = (
				DA73EBC01C8BA9FF00E89F15 /* LaunchScreen.storyboard in Resources */,
				DA73EBBD1C8BA9FF00E89F15 /* Assets.xcassets in Resources */,
				DA73EBBB1C8BA9FF00E89F15 /* Main.storyboard in Resources */,
			);
			runOnlyForDeploymentPostprocessing = 0;
		};
/* End PBXResourcesBuildPhase section */

/* Begin PBXShellScriptBuildPhase section */
		03C571FC99F3E10AD5249482 /* Copy Pods Resources */ = {
			isa = PBXShellScriptBuildPhase;
			buildActionMask = 2147483647;
			files = (
			);
			inputPaths = (
			);
			name = "Copy Pods Resources";
			outputPaths = (
			);
			runOnlyForDeploymentPostprocessing = 0;
			shellPath = /bin/sh;
			shellScript = "\"${SRCROOT}/Pods/Target Support Files/Pods-SquadUp/Pods-SquadUp-resources.sh\"\n";
			showEnvVarsInLog = 0;
		};
		14D5BFD5C4C9C4B8CDC9EA52 /* Check Pods Manifest.lock */ = {
			isa = PBXShellScriptBuildPhase;
			buildActionMask = 2147483647;
			files = (
			);
			inputPaths = (
			);
			name = "Check Pods Manifest.lock";
			outputPaths = (
			);
			runOnlyForDeploymentPostprocessing = 0;
			shellPath = /bin/sh;
			shellScript = "diff \"${PODS_ROOT}/../Podfile.lock\" \"${PODS_ROOT}/Manifest.lock\" > /dev/null\nif [[ $? != 0 ]] ; then\n    cat << EOM\nerror: The sandbox is not in sync with the Podfile.lock. Run 'pod install' or update your CocoaPods installation.\nEOM\n    exit 1\nfi\n";
			showEnvVarsInLog = 0;
		};
		CBB6C43C9002B1F8C8D4D92A /* Embed Pods Frameworks */ = {
			isa = PBXShellScriptBuildPhase;
			buildActionMask = 2147483647;
			files = (
			);
			inputPaths = (
			);
			name = "Embed Pods Frameworks";
			outputPaths = (
			);
			runOnlyForDeploymentPostprocessing = 0;
			shellPath = /bin/sh;
			shellScript = "\"${SRCROOT}/Pods/Target Support Files/Pods-SquadUp/Pods-SquadUp-frameworks.sh\"\n";
			showEnvVarsInLog = 0;
		};
/* End PBXShellScriptBuildPhase section */

/* Begin PBXSourcesBuildPhase section */
		DA73EBAC1C8BA9FF00E89F15 /* Sources */ = {
			isa = PBXSourcesBuildPhase;
			buildActionMask = 2147483647;
			files = (
				DA74781A1CB896830028C9E1 /* PickerTableViewCell.swift in Sources */,
				DA73EBCD1C8BAB9500E89F15 /* FriendsViewController.swift in Sources */,
				DA23A5A71C98EC4700B7DE68 /* TenPersonGameViewController.swift in Sources */,
				DA73EBB81C8BA9FF00E89F15 /* OpenGamesViewController.swift in Sources */,
				DAFB94361CAC2FB50006770C /* Game.swift in Sources */,
				DAFB94381CAC325D0006770C /* Player.swift in Sources */,
				DA73EBB41C8BA9FF00E89F15 /* AppDelegate.swift in Sources */,
				DAAD08181CBC311300E55C87 /* GamePickerTableViewCell.swift in Sources */,
				DA08BF031C9722CD00206E88 /* TabBarController.swift in Sources */,
				DAFC0E971CBD9C8C00D521F2 /* SixPersonGameViewController.swift in Sources */,
				DA7478181CB85B9F0028C9E1 /* DatePickerTableViewCell.swift in Sources */,
				DAFC0E991CBD9C9700D521F2 /* EightPersonGameViewController.swift in Sources */,
				DA73EBD11C8BB01F00E89F15 /* RegisterViewController.swift in Sources */,
				DA73EBCF1C8BB01700E89F15 /* LogInViewController.swift in Sources */,
				DA258E471CADF08700AB30DB /* ConfirmationViewController.swift in Sources */,
				DA73EBCB1C8BAB8500E89F15 /* MessagesViewController.swift in Sources */,
				DA23A5A91C98F08E00B7DE68 /* CreateGameViewController.swift in Sources */,
				DA73EBB61C8BA9FF00E89F15 /* ProfileViewController.swift in Sources */,
				DA0158771CC6D59F0002FA31 /* Int+Extensions.swift in Sources */,
				DA73EBC91C8BAA2E00E89F15 /* SquadUp.xcdatamodeld in Sources */,
				DA23A5AB1C98F23500B7DE68 /* GameTableViewCell.swift in Sources */,
			);
			runOnlyForDeploymentPostprocessing = 0;
		};
/* End PBXSourcesBuildPhase section */

/* Begin PBXVariantGroup section */
		DA73EBB91C8BA9FF00E89F15 /* Main.storyboard */ = {
			isa = PBXVariantGroup;
			children = (
				DA73EBBA1C8BA9FF00E89F15 /* Base */,
			);
			name = Main.storyboard;
			sourceTree = "<group>";
		};
		DA73EBBE1C8BA9FF00E89F15 /* LaunchScreen.storyboard */ = {
			isa = PBXVariantGroup;
			children = (
				DA73EBBF1C8BA9FF00E89F15 /* Base */,
			);
			name = LaunchScreen.storyboard;
			sourceTree = "<group>";
		};
/* End PBXVariantGroup section */

/* Begin XCBuildConfiguration section */
		DA73EBC21C8BA9FF00E89F15 /* Debug */ = {
			isa = XCBuildConfiguration;
			buildSettings = {
				ALWAYS_SEARCH_USER_PATHS = NO;
				CLANG_CXX_LANGUAGE_STANDARD = "gnu++0x";
				CLANG_CXX_LIBRARY = "libc++";
				CLANG_ENABLE_MODULES = YES;
				CLANG_ENABLE_OBJC_ARC = YES;
				CLANG_WARN_BOOL_CONVERSION = YES;
				CLANG_WARN_CONSTANT_CONVERSION = YES;
				CLANG_WARN_DIRECT_OBJC_ISA_USAGE = YES_ERROR;
				CLANG_WARN_EMPTY_BODY = YES;
				CLANG_WARN_ENUM_CONVERSION = YES;
				CLANG_WARN_INT_CONVERSION = YES;
				CLANG_WARN_OBJC_ROOT_CLASS = YES_ERROR;
				CLANG_WARN_UNREACHABLE_CODE = YES;
				CLANG_WARN__DUPLICATE_METHOD_MATCH = YES;
				"CODE_SIGN_IDENTITY[sdk=iphoneos*]" = "iPhone Developer";
				COPY_PHASE_STRIP = NO;
				DEBUG_INFORMATION_FORMAT = dwarf;
				ENABLE_STRICT_OBJC_MSGSEND = YES;
				ENABLE_TESTABILITY = YES;
				GCC_C_LANGUAGE_STANDARD = gnu99;
				GCC_DYNAMIC_NO_PIC = NO;
				GCC_NO_COMMON_BLOCKS = YES;
				GCC_OPTIMIZATION_LEVEL = 0;
				GCC_PREPROCESSOR_DEFINITIONS = (
					"DEBUG=1",
					"$(inherited)",
				);
				GCC_WARN_64_TO_32_BIT_CONVERSION = YES;
				GCC_WARN_ABOUT_RETURN_TYPE = YES_ERROR;
				GCC_WARN_UNDECLARED_SELECTOR = YES;
				GCC_WARN_UNINITIALIZED_AUTOS = YES_AGGRESSIVE;
				GCC_WARN_UNUSED_FUNCTION = YES;
				GCC_WARN_UNUSED_VARIABLE = YES;
				IPHONEOS_DEPLOYMENT_TARGET = 9.2;
				MTL_ENABLE_DEBUG_INFO = YES;
				ONLY_ACTIVE_ARCH = YES;
				SDKROOT = iphoneos;
				SWIFT_OPTIMIZATION_LEVEL = "-Onone";
				TARGETED_DEVICE_FAMILY = "1,2";
			};
			name = Debug;
		};
		DA73EBC31C8BA9FF00E89F15 /* Release */ = {
			isa = XCBuildConfiguration;
			buildSettings = {
				ALWAYS_SEARCH_USER_PATHS = NO;
				CLANG_CXX_LANGUAGE_STANDARD = "gnu++0x";
				CLANG_CXX_LIBRARY = "libc++";
				CLANG_ENABLE_MODULES = YES;
				CLANG_ENABLE_OBJC_ARC = YES;
				CLANG_WARN_BOOL_CONVERSION = YES;
				CLANG_WARN_CONSTANT_CONVERSION = YES;
				CLANG_WARN_DIRECT_OBJC_ISA_USAGE = YES_ERROR;
				CLANG_WARN_EMPTY_BODY = YES;
				CLANG_WARN_ENUM_CONVERSION = YES;
				CLANG_WARN_INT_CONVERSION = YES;
				CLANG_WARN_OBJC_ROOT_CLASS = YES_ERROR;
				CLANG_WARN_UNREACHABLE_CODE = YES;
				CLANG_WARN__DUPLICATE_METHOD_MATCH = YES;
				"CODE_SIGN_IDENTITY[sdk=iphoneos*]" = "iPhone Developer";
				COPY_PHASE_STRIP = NO;
				DEBUG_INFORMATION_FORMAT = "dwarf-with-dsym";
				ENABLE_NS_ASSERTIONS = NO;
				ENABLE_STRICT_OBJC_MSGSEND = YES;
				GCC_C_LANGUAGE_STANDARD = gnu99;
				GCC_NO_COMMON_BLOCKS = YES;
				GCC_WARN_64_TO_32_BIT_CONVERSION = YES;
				GCC_WARN_ABOUT_RETURN_TYPE = YES_ERROR;
				GCC_WARN_UNDECLARED_SELECTOR = YES;
				GCC_WARN_UNINITIALIZED_AUTOS = YES_AGGRESSIVE;
				GCC_WARN_UNUSED_FUNCTION = YES;
				GCC_WARN_UNUSED_VARIABLE = YES;
				IPHONEOS_DEPLOYMENT_TARGET = 9.2;
				MTL_ENABLE_DEBUG_INFO = NO;
				SDKROOT = iphoneos;
				TARGETED_DEVICE_FAMILY = "1,2";
				VALIDATE_PRODUCT = YES;
			};
			name = Release;
		};
		DA73EBC51C8BA9FF00E89F15 /* Debug */ = {
			isa = XCBuildConfiguration;
			baseConfigurationReference = 7D9D6298C1C2866514AB4C4F /* Pods-SquadUp.debug.xcconfig */;
			buildSettings = {
				ASSETCATALOG_COMPILER_APPICON_NAME = AppIcon;
				INFOPLIST_FILE = SquadUp/Info.plist;
				LD_RUNPATH_SEARCH_PATHS = "$(inherited) @executable_path/Frameworks";
				PRODUCT_BUNDLE_IDENTIFIER = com.Oudenhoven.SquadUp;
				PRODUCT_NAME = "$(TARGET_NAME)";
			};
			name = Debug;
		};
		DA73EBC61C8BA9FF00E89F15 /* Release */ = {
			isa = XCBuildConfiguration;
			baseConfigurationReference = 615A3BF7F3D1FD771FB5824F /* Pods-SquadUp.release.xcconfig */;
			buildSettings = {
				ASSETCATALOG_COMPILER_APPICON_NAME = AppIcon;
				INFOPLIST_FILE = SquadUp/Info.plist;
				LD_RUNPATH_SEARCH_PATHS = "$(inherited) @executable_path/Frameworks";
				PRODUCT_BUNDLE_IDENTIFIER = com.Oudenhoven.SquadUp;
				PRODUCT_NAME = "$(TARGET_NAME)";
			};
			name = Release;
		};
/* End XCBuildConfiguration section */

/* Begin XCConfigurationList section */
		DA73EBAB1C8BA9FF00E89F15 /* Build configuration list for PBXProject "SquadUp" */ = {
			isa = XCConfigurationList;
			buildConfigurations = (
				DA73EBC21C8BA9FF00E89F15 /* Debug */,
				DA73EBC31C8BA9FF00E89F15 /* Release */,
			);
			defaultConfigurationIsVisible = 0;
			defaultConfigurationName = Release;
		};
		DA73EBC41C8BA9FF00E89F15 /* Build configuration list for PBXNativeTarget "SquadUp" */ = {
			isa = XCConfigurationList;
			buildConfigurations = (
				DA73EBC51C8BA9FF00E89F15 /* Debug */,
				DA73EBC61C8BA9FF00E89F15 /* Release */,
			);
			defaultConfigurationIsVisible = 0;
			defaultConfigurationName = Release;
		};
/* End XCConfigurationList section */

/* Begin XCVersionGroup section */
		DA73EBC71C8BAA2E00E89F15 /* SquadUp.xcdatamodeld */ = {
			isa = XCVersionGroup;
			children = (
				DA73EBC81C8BAA2E00E89F15 /* SquadUp.xcdatamodel */,
			);
			currentVersion = DA73EBC81C8BAA2E00E89F15 /* SquadUp.xcdatamodel */;
			path = SquadUp.xcdatamodeld;
			sourceTree = "<group>";
			versionGroupType = wrapper.xcdatamodel;
		};
/* End XCVersionGroup section */
	};
	rootObject = DA73EBA81C8BA9FF00E89F15 /* Project object */;
}
